
Microsoft Visual Studio Solution File, Format Version 12.00
# Visual Studio Version 16
VisualStudioVersion = 16.0.31025.194
MinimumVisualStudioVersion = 10.0.40219.1
Project("{9A19103F-16F7-4668-BE54-9A1E7A4F7556}") = "Valuator", "Valuator.csproj", "{7F671CCF-090A-4F0B-B0CC-3B9D5FE7DE43}"
EndProject
Global
	GlobalSection(SolutionConfigurationPlatforms) = preSolution
		Debug|Any CPU = Debug|Any CPU
		Release|Any CPU = Release|Any CPU
	EndGlobalSection
	GlobalSection(ProjectConfigurationPlatforms) = postSolution
		{7F671CCF-090A-4F0B-B0CC-3B9D5FE7DE43}.Debug|Any CPU.ActiveCfg = Debug|Any CPU
		{7F671CCF-090A-4F0B-B0CC-3B9D5FE7DE43}.Debug|Any CPU.Build.0 = Debug|Any CPU
		{7F671CCF-090A-4F0B-B0CC-3B9D5FE7DE43}.Release|Any CPU.ActiveCfg = Release|Any CPU
		{7F671CCF-090A-4F0B-B0CC-3B9D5FE7DE43}.Release|Any CPU.Build.0 = Release|Any CPU
	EndGlobalSection
	GlobalSection(SolutionProperties) = preSolution
		HideSolutionNode = FALSE
	EndGlobalSection
	GlobalSection(ExtensibilityGlobals) = postSolution
		SolutionGuid = {C562D8FD-BAC5-40AB-97C4-378A15DE4737}
	EndGlobalSection
EndGlobal
